
Microsoft Visual Studio Solution File, Format Version 12.00
# Visual Studio 2013
VisualStudioVersion = 12.0.21005.1
MinimumVisualStudioVersion = 10.0.40219.1
Project("{8BC9CEB8-8B4A-11D0-8D11-00A0C91BC942}") = "test1", "test1\test1.vcxproj", "{BE9D966C-F0FA-4E4A-8A9A-B804BF78C7AA}"
EndProject
Project("{2150E333-8FDC-42A3-9474-1A3956D46DE8}") = "Solution Items", "Solution Items", "{3FF3A52A-9096-4B72-824C-04EDA43B8FA3}"
	ProjectSection(SolutionItems) = preProject
		Performance1.psess = Performance1.psess
	EndProjectSection
EndProject
Global
	GlobalSection(SolutionConfigurationPlatforms) = preSolution
		Debug|Win32 = Debug|Win32
		Release|Win32 = Release|Win32
	EndGlobalSection
	GlobalSection(ProjectConfigurationPlatforms) = postSolution
		{BE9D966C-F0FA-4E4A-8A9A-B804BF78C7AA}.Debug|Win32.ActiveCfg = Debug|Win32
		{BE9D966C-F0FA-4E4A-8A9A-B804BF78C7AA}.Debug|Win32.Build.0 = Debug|Win32
		{BE9D966C-F0FA-4E4A-8A9A-B804BF78C7AA}.Release|Win32.ActiveCfg = Release|Win32
		{BE9D966C-F0FA-4E4A-8A9A-B804BF78C7AA}.Release|Win32.Build.0 = Release|Win32
	EndGlobalSection
	GlobalSection(SolutionProperties) = preSolution
		HideSolutionNode = FALSE
	EndGlobalSection
EndGlobal
